
Microsoft Visual Studio Solution File, Format Version 12.00
# Visual Studio 2012
Project("{2150E333-8FDC-42A3-9474-1A3956D46DE8}") = "Solution Items", "Solution Items", "{11000000-0000-0000-0000-00000000FFFF}"
	ProjectSection(SolutionItems) = preProject
	EndProjectSection
EndProject
Project("{10000000-0000-0000-0000-00000000FFFF}") = "TextMetal.WebHostSample.Objects.Model", "TextMetal.WebHostSample.Objects.Model\TextMetal.WebHostSample.Objects.Model.csproj", "{FFFF0000-0000-0000-0000-000000000001}"
EndProject
Project("{10000000-0000-0000-0000-00000000FFFF}") = "TextMetal.WebHostSample.Objects.Model.UnitTests", "TextMetal.WebHostSample.Objects.Model.UnitTests\TextMetal.WebHostSample.Objects.Model.UnitTests.csproj", "{FFFF0000-0000-0000-0000-000000000002}"
EndProject
Project("{10000000-0000-0000-0000-00000000FFFF}") = "TextMetal.WebHostSample.Objects.Model.IntegrationTests", "TextMetal.WebHostSample.Objects.Model.IntegrationTests\TextMetal.WebHostSample.Objects.Model.IntegrationTests.csproj", "{FFFF0000-0000-0000-0000-000000000003}"
EndProject
Global
	GlobalSection(SolutionConfigurationPlatforms) = preSolution
		Debug|Any CPU = Debug|Any CPU
		Release|Any CPU = Release|Any CPU
	EndGlobalSection
	GlobalSection(ProjectConfigurationPlatforms) = postSolution
		{FFFF0000-0000-0000-0000-000000000001}.Debug|Any CPU.ActiveCfg = Debug|Any CPU
		{FFFF0000-0000-0000-0000-000000000001}.Debug|Any CPU.Build.0 = Debug|Any CPU
		{FFFF0000-0000-0000-0000-000000000001}.Release|Any CPU.ActiveCfg = Release|Any CPU
		{FFFF0000-0000-0000-0000-000000000001}.Release|Any CPU.Build.0 = Release|Any CPU
		{FFFF0000-0000-0000-0000-000000000002}.Debug|Any CPU.ActiveCfg = Debug|Any CPU
		{FFFF0000-0000-0000-0000-000000000002}.Debug|Any CPU.Build.0 = Debug|Any CPU
		{FFFF0000-0000-0000-0000-000000000002}.Release|Any CPU.ActiveCfg = Release|Any CPU
		{FFFF0000-0000-0000-0000-000000000002}.Release|Any CPU.Build.0 = Release|Any CPU
		{FFFF0000-0000-0000-0000-000000000003}.Debug|Any CPU.ActiveCfg = Debug|Any CPU
		{FFFF0000-0000-0000-0000-000000000003}.Debug|Any CPU.Build.0 = Debug|Any CPU
		{FFFF0000-0000-0000-0000-000000000003}.Release|Any CPU.ActiveCfg = Release|Any CPU
		{FFFF0000-0000-0000-0000-000000000003}.Release|Any CPU.Build.0 = Release|Any CPU
	EndGlobalSection
	GlobalSection(SolutionProperties) = preSolution
		HideSolutionNode = FALSE
	EndGlobalSection
EndGlobal
