
Microsoft Visual Studio Solution File, Format Version 12.00
# Visual Studio 2012
Project("{2150E333-8FDC-42A3-9474-1A3956D46DE8}") = "Solution Items", "Solution Items", "{61D501CE-BF7D-40FD-8BE7-86B7CE326A73}"
	ProjectSection(SolutionItems) = preProject
		SolutionAssemblyInfo.cs = SolutionAssemblyInfo.cs
	EndProjectSection
EndProject
Project("{2150E333-8FDC-42A3-9474-1A3956D46DE8}") = "Framework", "Framework", "{91B511E5-6E87-4844-8DB6-25B763FD0C9C}"
EndProject
Project("{2150E333-8FDC-42A3-9474-1A3956D46DE8}") = "Common", "Common", "{63BCA757-EED3-4BF2-BA47-6FCE7BF23E49}"
EndProject
Project("{2150E333-8FDC-42A3-9474-1A3956D46DE8}") = "HostImpl", "HostImpl", "{16F2C045-568A-4FFE-A03A-647C1667FAF0}"
EndProject
Project("{FAE04EC0-301F-11D3-BF4B-00C04F79EFBC}") = "TextMetal.Common.Core", "TextMetal.Common.Core\TextMetal.Common.Core.csproj", "{D1860A67-7EFB-4C0F-89CD-A641D99DCC2A}"
EndProject
Project("{FAE04EC0-301F-11D3-BF4B-00C04F79EFBC}") = "TextMetal.Common.Data", "TextMetal.Common.Data\TextMetal.Common.Data.csproj", "{E41E2352-4249-458E-B4F2-DBDF9B564BF5}"
EndProject
Project("{FAE04EC0-301F-11D3-BF4B-00C04F79EFBC}") = "TextMetal.Common.Expressions", "TextMetal.Common.Expressions\TextMetal.Common.Expressions.csproj", "{483501D9-4D73-4076-997B-3A5D8B5DDB2C}"
EndProject
Project("{FAE04EC0-301F-11D3-BF4B-00C04F79EFBC}") = "TextMetal.Common.Solder", "TextMetal.Common.Solder\TextMetal.Common.Solder.csproj", "{3B0EFC3C-AA91-4FB4-B2EE-BD8727230A94}"
EndProject
Project("{FAE04EC0-301F-11D3-BF4B-00C04F79EFBC}") = "TextMetal.Common.UnitTests", "TextMetal.Common.UnitTests\TextMetal.Common.UnitTests.csproj", "{A0917FE0-AAF8-4388-87D5-59F90B602BAF}"
EndProject
Project("{FAE04EC0-301F-11D3-BF4B-00C04F79EFBC}") = "TextMetal.Common.Xml", "TextMetal.Common.Xml\TextMetal.Common.Xml.csproj", "{CEF6C9D5-D5F2-4F4E-81DD-0BFDF81A2C93}"
EndProject
Project("{FAE04EC0-301F-11D3-BF4B-00C04F79EFBC}") = "TextMetal.Framework.AssociativeModel", "TextMetal.Framework.AssociativeModel\TextMetal.Framework.AssociativeModel.csproj", "{69F2FDCB-60AA-4B1E-B133-715D5EC29131}"
EndProject
Project("{FAE04EC0-301F-11D3-BF4B-00C04F79EFBC}") = "TextMetal.Framework.DebuggerProfilerModel", "TextMetal.Framework.DebuggerProfilerModel\TextMetal.Framework.DebuggerProfilerModel.csproj", "{1E908932-4891-466E-8429-A17AB71CF0B2}"
EndProject
Project("{FAE04EC0-301F-11D3-BF4B-00C04F79EFBC}") = "TextMetal.Framework.ExpressionModel", "TextMetal.Framework.ExpressionModel\TextMetal.Framework.ExpressionModel.csproj", "{DDF068F4-CA5A-4CF9-AC02-C9B88E719F4E}"
EndProject
Project("{FAE04EC0-301F-11D3-BF4B-00C04F79EFBC}") = "TextMetal.Framework.HostingModel", "TextMetal.Framework.HostingModel\TextMetal.Framework.HostingModel.csproj", "{D5226035-2438-4DFB-96D1-BB771D08CC65}"
EndProject
Project("{FAE04EC0-301F-11D3-BF4B-00C04F79EFBC}") = "TextMetal.Framework.InputOutputModel", "TextMetal.Framework.InputOutputModel\TextMetal.Framework.InputOutputModel.csproj", "{E5573166-2524-4971-A727-40E55ECD262A}"
EndProject
Project("{FAE04EC0-301F-11D3-BF4B-00C04F79EFBC}") = "TextMetal.Framework.SortModel", "TextMetal.Framework.SortModel\TextMetal.Framework.SortModel.csproj", "{83737E14-C89A-4CD6-93B5-B4C82C1F7969}"
EndProject
Project("{FAE04EC0-301F-11D3-BF4B-00C04F79EFBC}") = "TextMetal.Framework.SourceModel", "TextMetal.Framework.SourceModel\TextMetal.Framework.SourceModel.csproj", "{9CA823F7-D73B-4CE5-BF71-1515F3C6940D}"
EndProject
Project("{FAE04EC0-301F-11D3-BF4B-00C04F79EFBC}") = "TextMetal.Framework.TemplateModel", "TextMetal.Framework.TemplateModel\TextMetal.Framework.TemplateModel.csproj", "{45C84934-57BE-457A-8B60-392D650D6C08}"
EndProject
Project("{FAE04EC0-301F-11D3-BF4B-00C04F79EFBC}") = "TextMetal.Framework.UnitTests", "TextMetal.Framework.UnitTests\TextMetal.Framework.UnitTests.csproj", "{80507877-670C-41D4-B5CF-9EAD853CF8B8}"
EndProject
Project("{FAE04EC0-301F-11D3-BF4B-00C04F79EFBC}") = "TextMetal.Framework.IntegrationTests", "TextMetal.Framework.IntegrationTests\TextMetal.Framework.IntegrationTests.csproj", "{6BEB48A8-2402-4D72-9835-E89B6EEA13CD}"
EndProject
Project("{FAE04EC0-301F-11D3-BF4B-00C04F79EFBC}") = "TextMetal.Framework.Core", "TextMetal.Framework.Core\TextMetal.Framework.Core.csproj", "{72DACF93-04D7-42A3-B851-2717915FFF89}"
EndProject
Project("{FAE04EC0-301F-11D3-BF4B-00C04F79EFBC}") = "TextMetal.HostImpl.Tool", "TextMetal.HostImpl.Tool\TextMetal.HostImpl.Tool.csproj", "{059BC844-6711-4A7E-A716-446E54D8E33B}"
EndProject
Project("{FAE04EC0-301F-11D3-BF4B-00C04F79EFBC}") = "TextMetal.HostImpl.Web", "TextMetal.HostImpl.Web\TextMetal.HostImpl.Web.csproj", "{32997ECF-2B2F-4BDB-AF4F-6E389C9F8235}"
EndProject
Project("{FAE04EC0-301F-11D3-BF4B-00C04F79EFBC}") = "TextMetal.HostImpl.ConsoleTool", "TextMetal.HostImpl.ConsoleTool\TextMetal.HostImpl.ConsoleTool.csproj", "{579ADD09-25FD-4776-8CF1-829BAAB46519}"
EndProject
Project("{FAE04EC0-301F-11D3-BF4B-00C04F79EFBC}") = "TextMetal.HostImpl.AspNetSample", "TextMetal.HostImpl.AspNetSample\TextMetal.HostImpl.AspNetSample.csproj", "{5F7E56EC-CC97-42A5-8D30-E5C906A54C28}"
EndProject
Project("{FAE04EC0-301F-11D3-BF4B-00C04F79EFBC}") = "TextMetal.HostImpl.WindowsTool", "TextMetal.HostImpl.WindowsTool\TextMetal.HostImpl.WindowsTool.csproj", "{968CC832-8A75-4D2D-8A59-582B2304DD67}"
EndProject
Global
	GlobalSection(SolutionConfigurationPlatforms) = preSolution
		Debug|Any CPU = Debug|Any CPU
		Release|Any CPU = Release|Any CPU
	EndGlobalSection
	GlobalSection(ProjectConfigurationPlatforms) = postSolution
		{D1860A67-7EFB-4C0F-89CD-A641D99DCC2A}.Debug|Any CPU.ActiveCfg = Debug|Any CPU
		{D1860A67-7EFB-4C0F-89CD-A641D99DCC2A}.Debug|Any CPU.Build.0 = Debug|Any CPU
		{D1860A67-7EFB-4C0F-89CD-A641D99DCC2A}.Release|Any CPU.ActiveCfg = Release|Any CPU
		{D1860A67-7EFB-4C0F-89CD-A641D99DCC2A}.Release|Any CPU.Build.0 = Release|Any CPU
		{E41E2352-4249-458E-B4F2-DBDF9B564BF5}.Debug|Any CPU.ActiveCfg = Debug|Any CPU
		{E41E2352-4249-458E-B4F2-DBDF9B564BF5}.Debug|Any CPU.Build.0 = Debug|Any CPU
		{E41E2352-4249-458E-B4F2-DBDF9B564BF5}.Release|Any CPU.ActiveCfg = Release|Any CPU
		{E41E2352-4249-458E-B4F2-DBDF9B564BF5}.Release|Any CPU.Build.0 = Release|Any CPU
		{483501D9-4D73-4076-997B-3A5D8B5DDB2C}.Debug|Any CPU.ActiveCfg = Debug|Any CPU
		{483501D9-4D73-4076-997B-3A5D8B5DDB2C}.Debug|Any CPU.Build.0 = Debug|Any CPU
		{483501D9-4D73-4076-997B-3A5D8B5DDB2C}.Release|Any CPU.ActiveCfg = Release|Any CPU
		{483501D9-4D73-4076-997B-3A5D8B5DDB2C}.Release|Any CPU.Build.0 = Release|Any CPU
		{3B0EFC3C-AA91-4FB4-B2EE-BD8727230A94}.Debug|Any CPU.ActiveCfg = Debug|Any CPU
		{3B0EFC3C-AA91-4FB4-B2EE-BD8727230A94}.Debug|Any CPU.Build.0 = Debug|Any CPU
		{3B0EFC3C-AA91-4FB4-B2EE-BD8727230A94}.Release|Any CPU.ActiveCfg = Release|Any CPU
		{3B0EFC3C-AA91-4FB4-B2EE-BD8727230A94}.Release|Any CPU.Build.0 = Release|Any CPU
		{A0917FE0-AAF8-4388-87D5-59F90B602BAF}.Debug|Any CPU.ActiveCfg = Debug|Any CPU
		{A0917FE0-AAF8-4388-87D5-59F90B602BAF}.Debug|Any CPU.Build.0 = Debug|Any CPU
		{A0917FE0-AAF8-4388-87D5-59F90B602BAF}.Release|Any CPU.ActiveCfg = Release|Any CPU
		{A0917FE0-AAF8-4388-87D5-59F90B602BAF}.Release|Any CPU.Build.0 = Release|Any CPU
		{CEF6C9D5-D5F2-4F4E-81DD-0BFDF81A2C93}.Debug|Any CPU.ActiveCfg = Debug|Any CPU
		{CEF6C9D5-D5F2-4F4E-81DD-0BFDF81A2C93}.Debug|Any CPU.Build.0 = Debug|Any CPU
		{CEF6C9D5-D5F2-4F4E-81DD-0BFDF81A2C93}.Release|Any CPU.ActiveCfg = Release|Any CPU
		{CEF6C9D5-D5F2-4F4E-81DD-0BFDF81A2C93}.Release|Any CPU.Build.0 = Release|Any CPU
		{69F2FDCB-60AA-4B1E-B133-715D5EC29131}.Debug|Any CPU.ActiveCfg = Debug|Any CPU
		{69F2FDCB-60AA-4B1E-B133-715D5EC29131}.Debug|Any CPU.Build.0 = Debug|Any CPU
		{69F2FDCB-60AA-4B1E-B133-715D5EC29131}.Release|Any CPU.ActiveCfg = Release|Any CPU
		{69F2FDCB-60AA-4B1E-B133-715D5EC29131}.Release|Any CPU.Build.0 = Release|Any CPU
		{1E908932-4891-466E-8429-A17AB71CF0B2}.Debug|Any CPU.ActiveCfg = Debug|Any CPU
		{1E908932-4891-466E-8429-A17AB71CF0B2}.Debug|Any CPU.Build.0 = Debug|Any CPU
		{1E908932-4891-466E-8429-A17AB71CF0B2}.Release|Any CPU.ActiveCfg = Release|Any CPU
		{1E908932-4891-466E-8429-A17AB71CF0B2}.Release|Any CPU.Build.0 = Release|Any CPU
		{DDF068F4-CA5A-4CF9-AC02-C9B88E719F4E}.Debug|Any CPU.ActiveCfg = Debug|Any CPU
		{DDF068F4-CA5A-4CF9-AC02-C9B88E719F4E}.Debug|Any CPU.Build.0 = Debug|Any CPU
		{DDF068F4-CA5A-4CF9-AC02-C9B88E719F4E}.Release|Any CPU.ActiveCfg = Release|Any CPU
		{DDF068F4-CA5A-4CF9-AC02-C9B88E719F4E}.Release|Any CPU.Build.0 = Release|Any CPU
		{D5226035-2438-4DFB-96D1-BB771D08CC65}.Debug|Any CPU.ActiveCfg = Debug|Any CPU
		{D5226035-2438-4DFB-96D1-BB771D08CC65}.Debug|Any CPU.Build.0 = Debug|Any CPU
		{D5226035-2438-4DFB-96D1-BB771D08CC65}.Release|Any CPU.ActiveCfg = Release|Any CPU
		{D5226035-2438-4DFB-96D1-BB771D08CC65}.Release|Any CPU.Build.0 = Release|Any CPU
		{E5573166-2524-4971-A727-40E55ECD262A}.Debug|Any CPU.ActiveCfg = Debug|Any CPU
		{E5573166-2524-4971-A727-40E55ECD262A}.Debug|Any CPU.Build.0 = Debug|Any CPU
		{E5573166-2524-4971-A727-40E55ECD262A}.Release|Any CPU.ActiveCfg = Release|Any CPU
		{E5573166-2524-4971-A727-40E55ECD262A}.Release|Any CPU.Build.0 = Release|Any CPU
		{83737E14-C89A-4CD6-93B5-B4C82C1F7969}.Debug|Any CPU.ActiveCfg = Debug|Any CPU
		{83737E14-C89A-4CD6-93B5-B4C82C1F7969}.Debug|Any CPU.Build.0 = Debug|Any CPU
		{83737E14-C89A-4CD6-93B5-B4C82C1F7969}.Release|Any CPU.ActiveCfg = Release|Any CPU
		{83737E14-C89A-4CD6-93B5-B4C82C1F7969}.Release|Any CPU.Build.0 = Release|Any CPU
		{9CA823F7-D73B-4CE5-BF71-1515F3C6940D}.Debug|Any CPU.ActiveCfg = Debug|Any CPU
		{9CA823F7-D73B-4CE5-BF71-1515F3C6940D}.Debug|Any CPU.Build.0 = Debug|Any CPU
		{9CA823F7-D73B-4CE5-BF71-1515F3C6940D}.Release|Any CPU.ActiveCfg = Release|Any CPU
		{9CA823F7-D73B-4CE5-BF71-1515F3C6940D}.Release|Any CPU.Build.0 = Release|Any CPU
		{45C84934-57BE-457A-8B60-392D650D6C08}.Debug|Any CPU.ActiveCfg = Debug|Any CPU
		{45C84934-57BE-457A-8B60-392D650D6C08}.Debug|Any CPU.Build.0 = Debug|Any CPU
		{45C84934-57BE-457A-8B60-392D650D6C08}.Release|Any CPU.ActiveCfg = Release|Any CPU
		{45C84934-57BE-457A-8B60-392D650D6C08}.Release|Any CPU.Build.0 = Release|Any CPU
		{80507877-670C-41D4-B5CF-9EAD853CF8B8}.Debug|Any CPU.ActiveCfg = Debug|Any CPU
		{80507877-670C-41D4-B5CF-9EAD853CF8B8}.Debug|Any CPU.Build.0 = Debug|Any CPU
		{80507877-670C-41D4-B5CF-9EAD853CF8B8}.Release|Any CPU.ActiveCfg = Release|Any CPU
		{80507877-670C-41D4-B5CF-9EAD853CF8B8}.Release|Any CPU.Build.0 = Release|Any CPU
		{6BEB48A8-2402-4D72-9835-E89B6EEA13CD}.Debug|Any CPU.ActiveCfg = Debug|Any CPU
		{6BEB48A8-2402-4D72-9835-E89B6EEA13CD}.Debug|Any CPU.Build.0 = Debug|Any CPU
		{6BEB48A8-2402-4D72-9835-E89B6EEA13CD}.Release|Any CPU.ActiveCfg = Release|Any CPU
		{6BEB48A8-2402-4D72-9835-E89B6EEA13CD}.Release|Any CPU.Build.0 = Release|Any CPU
		{72DACF93-04D7-42A3-B851-2717915FFF89}.Debug|Any CPU.ActiveCfg = Debug|Any CPU
		{72DACF93-04D7-42A3-B851-2717915FFF89}.Debug|Any CPU.Build.0 = Debug|Any CPU
		{72DACF93-04D7-42A3-B851-2717915FFF89}.Release|Any CPU.ActiveCfg = Release|Any CPU
		{72DACF93-04D7-42A3-B851-2717915FFF89}.Release|Any CPU.Build.0 = Release|Any CPU
		{059BC844-6711-4A7E-A716-446E54D8E33B}.Debug|Any CPU.ActiveCfg = Debug|Any CPU
		{059BC844-6711-4A7E-A716-446E54D8E33B}.Debug|Any CPU.Build.0 = Debug|Any CPU
		{059BC844-6711-4A7E-A716-446E54D8E33B}.Release|Any CPU.ActiveCfg = Release|Any CPU
		{059BC844-6711-4A7E-A716-446E54D8E33B}.Release|Any CPU.Build.0 = Release|Any CPU
		{32997ECF-2B2F-4BDB-AF4F-6E389C9F8235}.Debug|Any CPU.ActiveCfg = Debug|Any CPU
		{32997ECF-2B2F-4BDB-AF4F-6E389C9F8235}.Debug|Any CPU.Build.0 = Debug|Any CPU
		{32997ECF-2B2F-4BDB-AF4F-6E389C9F8235}.Release|Any CPU.ActiveCfg = Release|Any CPU
		{32997ECF-2B2F-4BDB-AF4F-6E389C9F8235}.Release|Any CPU.Build.0 = Release|Any CPU
		{579ADD09-25FD-4776-8CF1-829BAAB46519}.Debug|Any CPU.ActiveCfg = Debug|Any CPU
		{579ADD09-25FD-4776-8CF1-829BAAB46519}.Debug|Any CPU.Build.0 = Debug|Any CPU
		{579ADD09-25FD-4776-8CF1-829BAAB46519}.Release|Any CPU.ActiveCfg = Release|Any CPU
		{579ADD09-25FD-4776-8CF1-829BAAB46519}.Release|Any CPU.Build.0 = Release|Any CPU
		{5F7E56EC-CC97-42A5-8D30-E5C906A54C28}.Debug|Any CPU.ActiveCfg = Debug|Any CPU
		{5F7E56EC-CC97-42A5-8D30-E5C906A54C28}.Debug|Any CPU.Build.0 = Debug|Any CPU
		{5F7E56EC-CC97-42A5-8D30-E5C906A54C28}.Release|Any CPU.ActiveCfg = Release|Any CPU
		{5F7E56EC-CC97-42A5-8D30-E5C906A54C28}.Release|Any CPU.Build.0 = Release|Any CPU
		{968CC832-8A75-4D2D-8A59-582B2304DD67}.Debug|Any CPU.ActiveCfg = Debug|Any CPU
		{968CC832-8A75-4D2D-8A59-582B2304DD67}.Debug|Any CPU.Build.0 = Debug|Any CPU
		{968CC832-8A75-4D2D-8A59-582B2304DD67}.Release|Any CPU.ActiveCfg = Release|Any CPU
		{968CC832-8A75-4D2D-8A59-582B2304DD67}.Release|Any CPU.Build.0 = Release|Any CPU
	EndGlobalSection
	GlobalSection(SolutionProperties) = preSolution
		HideSolutionNode = FALSE
	EndGlobalSection
	GlobalSection(NestedProjects) = preSolution
		{69F2FDCB-60AA-4B1E-B133-715D5EC29131} = {91B511E5-6E87-4844-8DB6-25B763FD0C9C}
		{1E908932-4891-466E-8429-A17AB71CF0B2} = {91B511E5-6E87-4844-8DB6-25B763FD0C9C}
		{DDF068F4-CA5A-4CF9-AC02-C9B88E719F4E} = {91B511E5-6E87-4844-8DB6-25B763FD0C9C}
		{D5226035-2438-4DFB-96D1-BB771D08CC65} = {91B511E5-6E87-4844-8DB6-25B763FD0C9C}
		{E5573166-2524-4971-A727-40E55ECD262A} = {91B511E5-6E87-4844-8DB6-25B763FD0C9C}
		{83737E14-C89A-4CD6-93B5-B4C82C1F7969} = {91B511E5-6E87-4844-8DB6-25B763FD0C9C}
		{9CA823F7-D73B-4CE5-BF71-1515F3C6940D} = {91B511E5-6E87-4844-8DB6-25B763FD0C9C}
		{45C84934-57BE-457A-8B60-392D650D6C08} = {91B511E5-6E87-4844-8DB6-25B763FD0C9C}
		{80507877-670C-41D4-B5CF-9EAD853CF8B8} = {91B511E5-6E87-4844-8DB6-25B763FD0C9C}
		{6BEB48A8-2402-4D72-9835-E89B6EEA13CD} = {91B511E5-6E87-4844-8DB6-25B763FD0C9C}
		{72DACF93-04D7-42A3-B851-2717915FFF89} = {91B511E5-6E87-4844-8DB6-25B763FD0C9C}
		{D1860A67-7EFB-4C0F-89CD-A641D99DCC2A} = {63BCA757-EED3-4BF2-BA47-6FCE7BF23E49}
		{E41E2352-4249-458E-B4F2-DBDF9B564BF5} = {63BCA757-EED3-4BF2-BA47-6FCE7BF23E49}
		{483501D9-4D73-4076-997B-3A5D8B5DDB2C} = {63BCA757-EED3-4BF2-BA47-6FCE7BF23E49}
		{3B0EFC3C-AA91-4FB4-B2EE-BD8727230A94} = {63BCA757-EED3-4BF2-BA47-6FCE7BF23E49}
		{A0917FE0-AAF8-4388-87D5-59F90B602BAF} = {63BCA757-EED3-4BF2-BA47-6FCE7BF23E49}
		{CEF6C9D5-D5F2-4F4E-81DD-0BFDF81A2C93} = {63BCA757-EED3-4BF2-BA47-6FCE7BF23E49}
		{059BC844-6711-4A7E-A716-446E54D8E33B} = {16F2C045-568A-4FFE-A03A-647C1667FAF0}
		{32997ECF-2B2F-4BDB-AF4F-6E389C9F8235} = {16F2C045-568A-4FFE-A03A-647C1667FAF0}
		{579ADD09-25FD-4776-8CF1-829BAAB46519} = {16F2C045-568A-4FFE-A03A-647C1667FAF0}
		{5F7E56EC-CC97-42A5-8D30-E5C906A54C28} = {16F2C045-568A-4FFE-A03A-647C1667FAF0}
		{968CC832-8A75-4D2D-8A59-582B2304DD67} = {16F2C045-568A-4FFE-A03A-647C1667FAF0}
	EndGlobalSection
EndGlobal
